// !$*UTF8*$!
{
	archiveVersion = 1;
	classes = {
	};
	objectVersion = 50;
	objects = {

/* Begin PBXBuildFile section */
		BB3EF800262A164300BB0E28 /* LocationModel.swift in Sources */ = {isa = PBXBuildFile; fileRef = BB3EF7FF262A164300BB0E28 /* LocationModel.swift */; };
		BB3EF803262A219300BB0E28 /* MapAnnotationView.swift in Sources */ = {isa = PBXBuildFile; fileRef = BB3EF802262A219300BB0E28 /* MapAnnotationView.swift */; };
		BB3EF809262A654E00BB0E28 /* MotionAnimationView.swift in Sources */ = {isa = PBXBuildFile; fileRef = BB3EF808262A654E00BB0E28 /* MotionAnimationView.swift */; };
		BB6943F626294E8300F50634 /* InsetFactView.swift in Sources */ = {isa = PBXBuildFile; fileRef = BB6943F526294E8300F50634 /* InsetFactView.swift */; };
		BB6943F92629519A00F50634 /* InsectMapView.swift in Sources */ = {isa = PBXBuildFile; fileRef = BB6943F82629519A00F50634 /* InsectMapView.swift */; };
		BB6943FC2629563000F50634 /* ExternalWebLinkView.swift in Sources */ = {isa = PBXBuildFile; fileRef = BB6943FB2629563000F50634 /* ExternalWebLinkView.swift */; };
		BB821F3B262B28EB0088963B /* AnimalGridItemView.swift in Sources */ = {isa = PBXBuildFile; fileRef = BB821F3A262B28EB0088963B /* AnimalGridItemView.swift */; };
		BB821F50262B36830088963B /* CreditsView.swift in Sources */ = {isa = PBXBuildFile; fileRef = BB821F4F262B36830088963B /* CreditsView.swift */; };
		BB821F54262B39530088963B /* CenterModifier.swift in Sources */ = {isa = PBXBuildFile; fileRef = BB821F53262B39530088963B /* CenterModifier.swift */; };
		BB82ACAA26295B6300EE5064 /* VideoModel.swift in Sources */ = {isa = PBXBuildFile; fileRef = BB82ACA926295B6300EE5064 /* VideoModel.swift */; };
		BB82ACAD26295BD200EE5064 /* VideoListItemView.swift in Sources */ = {isa = PBXBuildFile; fileRef = BB82ACAC26295BD200EE5064 /* VideoListItemView.swift */; };
		BB82ACB1262966A200EE5064 /* VideoPlayerView.swift in Sources */ = {isa = PBXBuildFile; fileRef = BB82ACB0262966A200EE5064 /* VideoPlayerView.swift */; };
		BB82ACB52629680700EE5064 /* VideoPlayerHelper.swift in Sources */ = {isa = PBXBuildFile; fileRef = BB82ACB42629680700EE5064 /* VideoPlayerHelper.swift */; };
		BBEE6080262786890049FE47 /* AfricaApp.swift in Sources */ = {isa = PBXBuildFile; fileRef = BBEE607F262786890049FE47 /* AfricaApp.swift */; };
		BBEE6082262786890049FE47 /* ContentView.swift in Sources */ = {isa = PBXBuildFile; fileRef = BBEE6081262786890049FE47 /* ContentView.swift */; };
		BBEE60842627868B0049FE47 /* Assets.xcassets in Resources */ = {isa = PBXBuildFile; fileRef = BBEE60832627868B0049FE47 /* Assets.xcassets */; };
		BBEE60872627868B0049FE47 /* Preview Assets.xcassets in Resources */ = {isa = PBXBuildFile; fileRef = BBEE60862627868B0049FE47 /* Preview Assets.xcassets */; };
		BBEE60C326278AF70049FE47 /* videos.json in Resources */ = {isa = PBXBuildFile; fileRef = BBEE60BF26278AF60049FE47 /* videos.json */; };
		BBEE60C426278AF70049FE47 /* animals.json in Resources */ = {isa = PBXBuildFile; fileRef = BBEE60C026278AF60049FE47 /* animals.json */; };
		BBEE60C526278AF70049FE47 /* covers.json in Resources */ = {isa = PBXBuildFile; fileRef = BBEE60C126278AF70049FE47 /* covers.json */; };
		BBEE60C626278AF70049FE47 /* locations.json in Resources */ = {isa = PBXBuildFile; fileRef = BBEE60C226278AF70049FE47 /* locations.json */; };
		BBEE60CB26278E2C0049FE47 /* VideoListView.swift in Sources */ = {isa = PBXBuildFile; fileRef = BBEE60CA26278E2C0049FE47 /* VideoListView.swift */; };
		BBEE60CE26278E410049FE47 /* MapView.swift in Sources */ = {isa = PBXBuildFile; fileRef = BBEE60CD26278E410049FE47 /* MapView.swift */; };
		BBEE60D126278E730049FE47 /* GalleryView.swift in Sources */ = {isa = PBXBuildFile; fileRef = BBEE60D026278E730049FE47 /* GalleryView.swift */; };
		BBEE60D426278E8D0049FE47 /* MainView.swift in Sources */ = {isa = PBXBuildFile; fileRef = BBEE60D326278E8D0049FE47 /* MainView.swift */; };
		BBEE60D8262790F60049FE47 /* CoverImageView.swift in Sources */ = {isa = PBXBuildFile; fileRef = BBEE60D7262790F60049FE47 /* CoverImageView.swift */; };
		BBEE60DD262798720049FE47 /* CoverImageModel.swift in Sources */ = {isa = PBXBuildFile; fileRef = BBEE60DC262798720049FE47 /* CoverImageModel.swift */; };
		BBEE60E22627998D0049FE47 /* CodableBundleExtension.swift in Sources */ = {isa = PBXBuildFile; fileRef = BBEE60E12627998D0049FE47 /* CodableBundleExtension.swift */; };
		BBEE60E62627A34E0049FE47 /* AnimalListItemView.swift in Sources */ = {isa = PBXBuildFile; fileRef = BBEE60E52627A34E0049FE47 /* AnimalListItemView.swift */; };
		BBEE60E92627A52F0049FE47 /* AnimalModel.swift in Sources */ = {isa = PBXBuildFile; fileRef = BBEE60E82627A52F0049FE47 /* AnimalModel.swift */; };
		BBEE60EC2627C3F00049FE47 /* AnimalDetailView.swift in Sources */ = {isa = PBXBuildFile; fileRef = BBEE60EB2627C3F00049FE47 /* AnimalDetailView.swift */; };
		BBEE60EF2627C6E50049FE47 /* HeadingView.swift in Sources */ = {isa = PBXBuildFile; fileRef = BBEE60EE2627C6E50049FE47 /* HeadingView.swift */; };
		BBEE60F62627C91C0049FE47 /* InsetGalleryView.swift in Sources */ = {isa = PBXBuildFile; fileRef = BBEE60F52627C91C0049FE47 /* InsetGalleryView.swift */; };
/* End PBXBuildFile section */

/* Begin PBXCopyFilesBuildPhase section */
		BB821F4A262B33E10088963B /* Embed Foundation Extensions */ = {
			isa = PBXCopyFilesBuildPhase;
			buildActionMask = 2147483647;
			dstPath = "";
			dstSubfolderSpec = 13;
			files = (
			);
			name = "Embed Foundation Extensions";
			runOnlyForDeploymentPostprocessing = 0;
		};
/* End PBXCopyFilesBuildPhase section */

/* Begin PBXFileReference section */
		BB3EF7FF262A164300BB0E28 /* LocationModel.swift */ = {isa = PBXFileReference; lastKnownFileType = sourcecode.swift; path = LocationModel.swift; sourceTree = "<group>"; };
		BB3EF802262A219300BB0E28 /* MapAnnotationView.swift */ = {isa = PBXFileReference; lastKnownFileType = sourcecode.swift; path = MapAnnotationView.swift; sourceTree = "<group>"; };
		BB3EF805262A3FD500BB0E28 /* Africa.entitlements */ = {isa = PBXFileReference; lastKnownFileType = text.plist.entitlements; path = Africa.entitlements; sourceTree = "<group>"; };
		BB3EF808262A654E00BB0E28 /* MotionAnimationView.swift */ = {isa = PBXFileReference; lastKnownFileType = sourcecode.swift; path = MotionAnimationView.swift; sourceTree = "<group>"; };
		BB6943F526294E8300F50634 /* InsetFactView.swift */ = {isa = PBXFileReference; lastKnownFileType = sourcecode.swift; path = InsetFactView.swift; sourceTree = "<group>"; };
		BB6943F82629519A00F50634 /* InsectMapView.swift */ = {isa = PBXFileReference; lastKnownFileType = sourcecode.swift; path = InsectMapView.swift; sourceTree = "<group>"; };
		BB6943FB2629563000F50634 /* ExternalWebLinkView.swift */ = {isa = PBXFileReference; lastKnownFileType = sourcecode.swift; path = ExternalWebLinkView.swift; sourceTree = "<group>"; };
		BB821F3A262B28EB0088963B /* AnimalGridItemView.swift */ = {isa = PBXFileReference; lastKnownFileType = sourcecode.swift; path = AnimalGridItemView.swift; sourceTree = "<group>"; };
		BB821F4F262B36830088963B /* CreditsView.swift */ = {isa = PBXFileReference; fileEncoding = 4; lastKnownFileType = sourcecode.swift; path = CreditsView.swift; sourceTree = "<group>"; };
		BB821F53262B39530088963B /* CenterModifier.swift */ = {isa = PBXFileReference; fileEncoding = 4; lastKnownFileType = sourcecode.swift; path = CenterModifier.swift; sourceTree = "<group>"; };
		BB821F5D262B3D320088963B /* Stickers.xcassets */ = {isa = PBXFileReference; lastKnownFileType = folder.assetcatalog; path = Stickers.xcassets; sourceTree = "<group>"; };
		BB821F5F262B3D320088963B /* Info.plist */ = {isa = PBXFileReference; lastKnownFileType = text.plist.xml; path = Info.plist; sourceTree = "<group>"; };
		BB82ACA926295B6300EE5064 /* VideoModel.swift */ = {isa = PBXFileReference; lastKnownFileType = sourcecode.swift; path = VideoModel.swift; sourceTree = "<group>"; };
		BB82ACAC26295BD200EE5064 /* VideoListItemView.swift */ = {isa = PBXFileReference; lastKnownFileType = sourcecode.swift; path = VideoListItemView.swift; sourceTree = "<group>"; };
		BB82ACB0262966A200EE5064 /* VideoPlayerView.swift */ = {isa = PBXFileReference; lastKnownFileType = sourcecode.swift; path = VideoPlayerView.swift; sourceTree = "<group>"; };
		BB82ACB42629680700EE5064 /* VideoPlayerHelper.swift */ = {isa = PBXFileReference; lastKnownFileType = sourcecode.swift; path = VideoPlayerHelper.swift; sourceTree = "<group>"; };
		BBEE607C262786890049FE47 /* Africa.app */ = {isa = PBXFileReference; explicitFileType = wrapper.application; includeInIndex = 0; path = Africa.app; sourceTree = BUILT_PRODUCTS_DIR; };
		BBEE607F262786890049FE47 /* AfricaApp.swift */ = {isa = PBXFileReference; lastKnownFileType = sourcecode.swift; path = AfricaApp.swift; sourceTree = "<group>"; };
		BBEE6081262786890049FE47 /* ContentView.swift */ = {isa = PBXFileReference; lastKnownFileType = sourcecode.swift; path = ContentView.swift; sourceTree = "<group>"; };
		BBEE60832627868B0049FE47 /* Assets.xcassets */ = {isa = PBXFileReference; lastKnownFileType = folder.assetcatalog; path = Assets.xcassets; sourceTree = "<group>"; };
		BBEE60862627868B0049FE47 /* Preview Assets.xcassets */ = {isa = PBXFileReference; lastKnownFileType = folder.assetcatalog; path = "Preview Assets.xcassets"; sourceTree = "<group>"; };
		BBEE60882627868B0049FE47 /* Info.plist */ = {isa = PBXFileReference; lastKnownFileType = text.plist.xml; path = Info.plist; sourceTree = "<group>"; };
		BBEE60BF26278AF60049FE47 /* videos.json */ = {isa = PBXFileReference; fileEncoding = 4; lastKnownFileType = text.json; path = videos.json; sourceTree = "<group>"; };
		BBEE60C026278AF60049FE47 /* animals.json */ = {isa = PBXFileReference; fileEncoding = 4; lastKnownFileType = text.json; path = animals.json; sourceTree = "<group>"; };
		BBEE60C126278AF70049FE47 /* covers.json */ = {isa = PBXFileReference; fileEncoding = 4; lastKnownFileType = text.json; path = covers.json; sourceTree = "<group>"; };
		BBEE60C226278AF70049FE47 /* locations.json */ = {isa = PBXFileReference; fileEncoding = 4; lastKnownFileType = text.json; path = locations.json; sourceTree = "<group>"; };
		BBEE60CA26278E2C0049FE47 /* VideoListView.swift */ = {isa = PBXFileReference; lastKnownFileType = sourcecode.swift; path = VideoListView.swift; sourceTree = "<group>"; };
		BBEE60CD26278E410049FE47 /* MapView.swift */ = {isa = PBXFileReference; lastKnownFileType = sourcecode.swift; path = MapView.swift; sourceTree = "<group>"; };
		BBEE60D026278E730049FE47 /* GalleryView.swift */ = {isa = PBXFileReference; lastKnownFileType = sourcecode.swift; path = GalleryView.swift; sourceTree = "<group>"; };
		BBEE60D326278E8D0049FE47 /* MainView.swift */ = {isa = PBXFileReference; lastKnownFileType = sourcecode.swift; path = MainView.swift; sourceTree = "<group>"; };
		BBEE60D7262790F60049FE47 /* CoverImageView.swift */ = {isa = PBXFileReference; lastKnownFileType = sourcecode.swift; path = CoverImageView.swift; sourceTree = "<group>"; };
		BBEE60DC262798720049FE47 /* CoverImageModel.swift */ = {isa = PBXFileReference; lastKnownFileType = sourcecode.swift; path = CoverImageModel.swift; sourceTree = "<group>"; };
		BBEE60E12627998D0049FE47 /* CodableBundleExtension.swift */ = {isa = PBXFileReference; lastKnownFileType = sourcecode.swift; path = CodableBundleExtension.swift; sourceTree = "<group>"; };
		BBEE60E52627A34E0049FE47 /* AnimalListItemView.swift */ = {isa = PBXFileReference; lastKnownFileType = sourcecode.swift; path = AnimalListItemView.swift; sourceTree = "<group>"; };
		BBEE60E82627A52F0049FE47 /* AnimalModel.swift */ = {isa = PBXFileReference; lastKnownFileType = sourcecode.swift; path = AnimalModel.swift; sourceTree = "<group>"; };
		BBEE60EB2627C3F00049FE47 /* AnimalDetailView.swift */ = {isa = PBXFileReference; lastKnownFileType = sourcecode.swift; path = AnimalDetailView.swift; sourceTree = "<group>"; };
		BBEE60EE2627C6E50049FE47 /* HeadingView.swift */ = {isa = PBXFileReference; lastKnownFileType = sourcecode.swift; path = HeadingView.swift; sourceTree = "<group>"; };
		BBEE60F52627C91C0049FE47 /* InsetGalleryView.swift */ = {isa = PBXFileReference; lastKnownFileType = sourcecode.swift; path = InsetGalleryView.swift; sourceTree = "<group>"; };
		BBF5AC7B2AB4EABA00035ED7 /* rhino.mp4 */ = {isa = PBXFileReference; lastKnownFileType = file; name = rhino.mp4; path = Africa/Video/rhino.mp4; sourceTree = SOURCE_ROOT; };
		BBF5AC7C2AB4EABA00035ED7 /* zebra.mp4 */ = {isa = PBXFileReference; lastKnownFileType = file; name = zebra.mp4; path = Africa/Video/zebra.mp4; sourceTree = SOURCE_ROOT; };
		BBF5AC7D2AB4EABA00035ED7 /* ostrich.mp4 */ = {isa = PBXFileReference; lastKnownFileType = file; name = ostrich.mp4; path = Africa/Video/ostrich.mp4; sourceTree = SOURCE_ROOT; };
		BBF5AC7E2AB4EABA00035ED7 /* lioness.mp4 */ = {isa = PBXFileReference; lastKnownFileType = file; name = lioness.mp4; path = Africa/Video/lioness.mp4; sourceTree = SOURCE_ROOT; };
		BBF5AC7F2AB4EABA00035ED7 /* gorilla.mp4 */ = {isa = PBXFileReference; lastKnownFileType = file; name = gorilla.mp4; path = Africa/Video/gorilla.mp4; sourceTree = SOURCE_ROOT; };
		BBF5AC802AB4EABA00035ED7 /* hippo.mp4 */ = {isa = PBXFileReference; lastKnownFileType = file; name = hippo.mp4; path = Africa/Video/hippo.mp4; sourceTree = SOURCE_ROOT; };
		BBF5AC812AB4EABA00035ED7 /* lion.mp4 */ = {isa = PBXFileReference; lastKnownFileType = file; name = lion.mp4; path = Africa/Video/lion.mp4; sourceTree = SOURCE_ROOT; };
		BBF5AC822AB4EABA00035ED7 /* elephant.mp4 */ = {isa = PBXFileReference; lastKnownFileType = file; name = elephant.mp4; path = Africa/Video/elephant.mp4; sourceTree = SOURCE_ROOT; };
		BBF5AC832AB4EABA00035ED7 /* giraffe.mp4 */ = {isa = PBXFileReference; lastKnownFileType = file; name = giraffe.mp4; path = Africa/Video/giraffe.mp4; sourceTree = SOURCE_ROOT; };
		BBF5AC842AB4EABA00035ED7 /* cheetah.mp4 */ = {isa = PBXFileReference; lastKnownFileType = file; name = cheetah.mp4; path = Africa/Video/cheetah.mp4; sourceTree = SOURCE_ROOT; };
/* End PBXFileReference section */

/* Begin PBXFrameworksBuildPhase section */
		BBEE6079262786890049FE47 /* Frameworks */ = {
			isa = PBXFrameworksBuildPhase;
			buildActionMask = 2147483647;
			files = (
			);
			runOnlyForDeploymentPostprocessing = 0;
		};
/* End PBXFrameworksBuildPhase section */

/* Begin PBXGroup section */
		BB821F5C262B3D300088963B /* Stickers */ = {
			isa = PBXGroup;
			children = (
				BB821F5D262B3D320088963B /* Stickers.xcassets */,
				BB821F5F262B3D320088963B /* Info.plist */,
			);
			path = Stickers;
			sourceTree = "<group>";
		};
		BB82ACB3262967ED00EE5064 /* Helper */ = {
			isa = PBXGroup;
			children = (
				BB82ACB42629680700EE5064 /* VideoPlayerHelper.swift */,
			);
			path = Helper;
			sourceTree = "<group>";
		};
		BBEE6073262786890049FE47 = {
			isa = PBXGroup;
			children = (
				BBEE607E262786890049FE47 /* Africa */,
				BB821F5C262B3D300088963B /* Stickers */,
				BBEE607D262786890049FE47 /* Products */,
			);
			sourceTree = "<group>";
		};
		BBEE607D262786890049FE47 /* Products */ = {
			isa = PBXGroup;
			children = (
				BBEE607C262786890049FE47 /* Africa.app */,
			);
			name = Products;
			sourceTree = "<group>";
		};
		BBEE607E262786890049FE47 /* Africa */ = {
			isa = PBXGroup;
			children = (
				BB3EF805262A3FD500BB0E28 /* Africa.entitlements */,
				BB82ACB3262967ED00EE5064 /* Helper */,
				BBEE60E02627996A0049FE47 /* Extension */,
				BBEE60DB2627984E0049FE47 /* Model */,
				BBEE60D6262790DF0049FE47 /* View */,
				BBEE60BE26278AC60049FE47 /* Data */,
				BBEE60A626278A610049FE47 /* Video */,
				BBEE60C826278DC90049FE47 /* App */,
				BBEE60832627868B0049FE47 /* Assets.xcassets */,
				BBEE60882627868B0049FE47 /* Info.plist */,
				BBEE60852627868B0049FE47 /* Preview Content */,
			);
			path = Africa;
			sourceTree = "<group>";
		};
		BBEE60852627868B0049FE47 /* Preview Content */ = {
			isa = PBXGroup;
			children = (
				BBEE60862627868B0049FE47 /* Preview Assets.xcassets */,
			);
			path = "Preview Content";
			sourceTree = "<group>";
		};
		BBEE60A626278A610049FE47 /* Video */ = {
			isa = PBXGroup;
			children = (
				BBF5AC842AB4EABA00035ED7 /* cheetah.mp4 */,
				BBF5AC822AB4EABA00035ED7 /* elephant.mp4 */,
				BBF5AC832AB4EABA00035ED7 /* giraffe.mp4 */,
				BBF5AC7F2AB4EABA00035ED7 /* gorilla.mp4 */,
				BBF5AC802AB4EABA00035ED7 /* hippo.mp4 */,
				BBF5AC812AB4EABA00035ED7 /* lion.mp4 */,
				BBF5AC7E2AB4EABA00035ED7 /* lioness.mp4 */,
				BBF5AC7D2AB4EABA00035ED7 /* ostrich.mp4 */,
				BBF5AC7B2AB4EABA00035ED7 /* rhino.mp4 */,
				BBF5AC7C2AB4EABA00035ED7 /* zebra.mp4 */,
			);
			name = Video;
			path = "../../Arquivos/SWIFTUI-APP-AFRICA-UPDATED/Resources/Video";
			sourceTree = "<group>";
		};
		BBEE60BE26278AC60049FE47 /* Data */ = {
			isa = PBXGroup;
			children = (
				BBEE60C026278AF60049FE47 /* animals.json */,
				BBEE60C126278AF70049FE47 /* covers.json */,
				BBEE60C226278AF70049FE47 /* locations.json */,
				BBEE60BF26278AF60049FE47 /* videos.json */,
			);
			path = Data;
			sourceTree = "<group>";
		};
		BBEE60C826278DC90049FE47 /* App */ = {
			isa = PBXGroup;
			children = (
				BBEE607F262786890049FE47 /* AfricaApp.swift */,
				BBEE60D326278E8D0049FE47 /* MainView.swift */,
				BBEE6081262786890049FE47 /* ContentView.swift */,
				BBEE60CD26278E410049FE47 /* MapView.swift */,
				BBEE60D026278E730049FE47 /* GalleryView.swift */,
				BBEE60CA26278E2C0049FE47 /* VideoListView.swift */,
			);
			path = App;
			sourceTree = "<group>";
		};
		BBEE60D6262790DF0049FE47 /* View */ = {
			isa = PBXGroup;
			children = (
				BBEE60D7262790F60049FE47 /* CoverImageView.swift */,
				BBEE60EE2627C6E50049FE47 /* HeadingView.swift */,
				BBEE60E52627A34E0049FE47 /* AnimalListItemView.swift */,
				BB6943F526294E8300F50634 /* InsetFactView.swift */,
				BB82ACB0262966A200EE5064 /* VideoPlayerView.swift */,
				BB821F3A262B28EB0088963B /* AnimalGridItemView.swift */,
				BB3EF808262A654E00BB0E28 /* MotionAnimationView.swift */,
				BBEE60F52627C91C0049FE47 /* InsetGalleryView.swift */,
				BB6943FB2629563000F50634 /* ExternalWebLinkView.swift */,
				BB821F53262B39530088963B /* CenterModifier.swift */,
				BB3EF802262A219300BB0E28 /* MapAnnotationView.swift */,
				BB6943F82629519A00F50634 /* InsectMapView.swift */,
				BB821F4F262B36830088963B /* CreditsView.swift */,
				BBEE60EB2627C3F00049FE47 /* AnimalDetailView.swift */,
				BB82ACAC26295BD200EE5064 /* VideoListItemView.swift */,
			);
			path = View;
			sourceTree = "<group>";
		};
		BBEE60DB2627984E0049FE47 /* Model */ = {
			isa = PBXGroup;
			children = (
				BBEE60DC262798720049FE47 /* CoverImageModel.swift */,
				BBEE60E82627A52F0049FE47 /* AnimalModel.swift */,
				BB3EF7FF262A164300BB0E28 /* LocationModel.swift */,
				BB82ACA926295B6300EE5064 /* VideoModel.swift */,
			);
			path = Model;
			sourceTree = "<group>";
		};
		BBEE60E02627996A0049FE47 /* Extension */ = {
			isa = PBXGroup;
			children = (
				BBEE60E12627998D0049FE47 /* CodableBundleExtension.swift */,
			);
			path = Extension;
			sourceTree = "<group>";
		};
/* End PBXGroup section */

/* Begin PBXNativeTarget section */
		BBEE607B262786890049FE47 /* Africa */ = {
			isa = PBXNativeTarget;
			buildConfigurationList = BBEE608B2627868B0049FE47 /* Build configuration list for PBXNativeTarget "Africa" */;
			buildPhases = (
				BBEE6078262786890049FE47 /* Sources */,
				BBEE6079262786890049FE47 /* Frameworks */,
				BBEE607A262786890049FE47 /* Resources */,
				BB821F4A262B33E10088963B /* Embed Foundation Extensions */,
			);
			buildRules = (
			);
			dependencies = (
			);
			name = Africa;
			productName = Africa;
			productReference = BBEE607C262786890049FE47 /* Africa.app */;
			productType = "com.apple.product-type.application";
		};
/* End PBXNativeTarget section */

/* Begin PBXProject section */
		BBEE6074262786890049FE47 /* Project object */ = {
			isa = PBXProject;
			attributes = {
				LastSwiftUpdateCheck = 1240;
				LastUpgradeCheck = 1400;
				TargetAttributes = {
					BBEE607B262786890049FE47 = {
						CreatedOnToolsVersion = 12.4;
					};
				};
			};
			buildConfigurationList = BBEE6077262786890049FE47 /* Build configuration list for PBXProject "Africa" */;
			compatibilityVersion = "Xcode 9.3";
			developmentRegion = en;
			hasScannedForEncodings = 0;
			knownRegions = (
				en,
				Base,
			);
			mainGroup = BBEE6073262786890049FE47;
			productRefGroup = BBEE607D262786890049FE47 /* Products */;
			projectDirPath = "";
			projectRoot = "";
			targets = (
				BBEE607B262786890049FE47 /* Africa */,
			);
		};
/* End PBXProject section */

/* Begin PBXResourcesBuildPhase section */
		BBEE607A262786890049FE47 /* Resources */ = {
			isa = PBXResourcesBuildPhase;
			buildActionMask = 2147483647;
			files = (
				BBEE60872627868B0049FE47 /* Preview Assets.xcassets in Resources */,
				BBEE60C626278AF70049FE47 /* locations.json in Resources */,
				BBEE60842627868B0049FE47 /* Assets.xcassets in Resources */,
				BBEE60C326278AF70049FE47 /* videos.json in Resources */,
				BBEE60C426278AF70049FE47 /* animals.json in Resources */,
				BBEE60C526278AF70049FE47 /* covers.json in Resources */,
			);
			runOnlyForDeploymentPostprocessing = 0;
		};
/* End PBXResourcesBuildPhase section */

/* Begin PBXSourcesBuildPhase section */
		BBEE6078262786890049FE47 /* Sources */ = {
			isa = PBXSourcesBuildPhase;
			buildActionMask = 2147483647;
			files = (
				BBEE6082262786890049FE47 /* ContentView.swift in Sources */,
				BBEE60E62627A34E0049FE47 /* AnimalListItemView.swift in Sources */,
				BBEE60D426278E8D0049FE47 /* MainView.swift in Sources */,
				BB6943F626294E8300F50634 /* InsetFactView.swift in Sources */,
				BBEE60F62627C91C0049FE47 /* InsetGalleryView.swift in Sources */,
				BBEE60D8262790F60049FE47 /* CoverImageView.swift in Sources */,
				BBEE60DD262798720049FE47 /* CoverImageModel.swift in Sources */,
				BBEE60EC2627C3F00049FE47 /* AnimalDetailView.swift in Sources */,
				BBEE60E92627A52F0049FE47 /* AnimalModel.swift in Sources */,
				BBEE60CE26278E410049FE47 /* MapView.swift in Sources */,
				BB82ACB52629680700EE5064 /* VideoPlayerHelper.swift in Sources */,
				BBEE6080262786890049FE47 /* AfricaApp.swift in Sources */,
				BB6943FC2629563000F50634 /* ExternalWebLinkView.swift in Sources */,
				BB3EF803262A219300BB0E28 /* MapAnnotationView.swift in Sources */,
				BBEE60CB26278E2C0049FE47 /* VideoListView.swift in Sources */,
				BB82ACAA26295B6300EE5064 /* VideoModel.swift in Sources */,
				BBEE60D126278E730049FE47 /* GalleryView.swift in Sources */,
				BB3EF800262A164300BB0E28 /* LocationModel.swift in Sources */,
				BB821F3B262B28EB0088963B /* AnimalGridItemView.swift in Sources */,
				BB6943F92629519A00F50634 /* InsectMapView.swift in Sources */,
				BB82ACAD26295BD200EE5064 /* VideoListItemView.swift in Sources */,
				BB821F50262B36830088963B /* CreditsView.swift in Sources */,
				BBEE60E22627998D0049FE47 /* CodableBundleExtension.swift in Sources */,
				BB3EF809262A654E00BB0E28 /* MotionAnimationView.swift in Sources */,
				BB821F54262B39530088963B /* CenterModifier.swift in Sources */,
				BBEE60EF2627C6E50049FE47 /* HeadingView.swift in Sources */,
				BB82ACB1262966A200EE5064 /* VideoPlayerView.swift in Sources */,
			);
			runOnlyForDeploymentPostprocessing = 0;
		};
/* End PBXSourcesBuildPhase section */

/* Begin XCBuildConfiguration section */
		BBEE60892627868B0049FE47 /* Debug */ = {
			isa = XCBuildConfiguration;
			buildSettings = {
				ALWAYS_SEARCH_USER_PATHS = NO;
				CLANG_ANALYZER_NONNULL = YES;
				CLANG_ANALYZER_NUMBER_OBJECT_CONVERSION = YES_AGGRESSIVE;
				CLANG_CXX_LANGUAGE_STANDARD = "gnu++14";
				CLANG_CXX_LIBRARY = "libc++";
				CLANG_ENABLE_MODULES = YES;
				CLANG_ENABLE_OBJC_ARC = YES;
				CLANG_ENABLE_OBJC_WEAK = YES;
				CLANG_WARN_BLOCK_CAPTURE_AUTORELEASING = YES;
				CLANG_WARN_BOOL_CONVERSION = YES;
				CLANG_WARN_COMMA = YES;
				CLANG_WARN_CONSTANT_CONVERSION = YES;
				CLANG_WARN_DEPRECATED_OBJC_IMPLEMENTATIONS = YES;
				CLANG_WARN_DIRECT_OBJC_ISA_USAGE = YES_ERROR;
				CLANG_WARN_DOCUMENTATION_COMMENTS = YES;
				CLANG_WARN_EMPTY_BODY = YES;
				CLANG_WARN_ENUM_CONVERSION = YES;
				CLANG_WARN_INFINITE_RECURSION = YES;
				CLANG_WARN_INT_CONVERSION = YES;
				CLANG_WARN_NON_LITERAL_NULL_CONVERSION = YES;
				CLANG_WARN_OBJC_IMPLICIT_RETAIN_SELF = YES;
				CLANG_WARN_OBJC_LITERAL_CONVERSION = YES;
				CLANG_WARN_OBJC_ROOT_CLASS = YES_ERROR;
				CLANG_WARN_QUOTED_INCLUDE_IN_FRAMEWORK_HEADER = YES;
				CLANG_WARN_RANGE_LOOP_ANALYSIS = YES;
				CLANG_WARN_STRICT_PROTOTYPES = YES;
				CLANG_WARN_SUSPICIOUS_MOVE = YES;
				CLANG_WARN_UNGUARDED_AVAILABILITY = YES_AGGRESSIVE;
				CLANG_WARN_UNREACHABLE_CODE = YES;
				CLANG_WARN__DUPLICATE_METHOD_MATCH = YES;
				COPY_PHASE_STRIP = NO;
				DEBUG_INFORMATION_FORMAT = dwarf;
				ENABLE_STRICT_OBJC_MSGSEND = YES;
				ENABLE_TESTABILITY = YES;
				GCC_C_LANGUAGE_STANDARD = gnu11;
				GCC_DYNAMIC_NO_PIC = NO;
				GCC_NO_COMMON_BLOCKS = YES;
				GCC_OPTIMIZATION_LEVEL = 0;
				GCC_PREPROCESSOR_DEFINITIONS = (
					"DEBUG=1",
					"$(inherited)",
				);
				GCC_WARN_64_TO_32_BIT_CONVERSION = YES;
				GCC_WARN_ABOUT_RETURN_TYPE = YES_ERROR;
				GCC_WARN_UNDECLARED_SELECTOR = YES;
				GCC_WARN_UNINITIALIZED_AUTOS = YES_AGGRESSIVE;
				GCC_WARN_UNUSED_FUNCTION = YES;
				GCC_WARN_UNUSED_VARIABLE = YES;
				IPHONEOS_DEPLOYMENT_TARGET = 14.4;
				MTL_ENABLE_DEBUG_INFO = INCLUDE_SOURCE;
				MTL_FAST_MATH = YES;
				ONLY_ACTIVE_ARCH = YES;
				SDKROOT = iphoneos;
				SWIFT_ACTIVE_COMPILATION_CONDITIONS = DEBUG;
				SWIFT_OPTIMIZATION_LEVEL = "-Onone";
			};
			name = Debug;
		};
		BBEE608A2627868B0049FE47 /* Release */ = {
			isa = XCBuildConfiguration;
			buildSettings = {
				ALWAYS_SEARCH_USER_PATHS = NO;
				CLANG_ANALYZER_NONNULL = YES;
				CLANG_ANALYZER_NUMBER_OBJECT_CONVERSION = YES_AGGRESSIVE;
				CLANG_CXX_LANGUAGE_STANDARD = "gnu++14";
				CLANG_CXX_LIBRARY = "libc++";
				CLANG_ENABLE_MODULES = YES;
				CLANG_ENABLE_OBJC_ARC = YES;
				CLANG_ENABLE_OBJC_WEAK = YES;
				CLANG_WARN_BLOCK_CAPTURE_AUTORELEASING = YES;
				CLANG_WARN_BOOL_CONVERSION = YES;
				CLANG_WARN_COMMA = YES;
				CLANG_WARN_CONSTANT_CONVERSION = YES;
				CLANG_WARN_DEPRECATED_OBJC_IMPLEMENTATIONS = YES;
				CLANG_WARN_DIRECT_OBJC_ISA_USAGE = YES_ERROR;
				CLANG_WARN_DOCUMENTATION_COMMENTS = YES;
				CLANG_WARN_EMPTY_BODY = YES;
				CLANG_WARN_ENUM_CONVERSION = YES;
				CLANG_WARN_INFINITE_RECURSION = YES;
				CLANG_WARN_INT_CONVERSION = YES;
				CLANG_WARN_NON_LITERAL_NULL_CONVERSION = YES;
				CLANG_WARN_OBJC_IMPLICIT_RETAIN_SELF = YES;
				CLANG_WARN_OBJC_LITERAL_CONVERSION = YES;
				CLANG_WARN_OBJC_ROOT_CLASS = YES_ERROR;
				CLANG_WARN_QUOTED_INCLUDE_IN_FRAMEWORK_HEADER = YES;
				CLANG_WARN_RANGE_LOOP_ANALYSIS = YES;
				CLANG_WARN_STRICT_PROTOTYPES = YES;
				CLANG_WARN_SUSPICIOUS_MOVE = YES;
				CLANG_WARN_UNGUARDED_AVAILABILITY = YES_AGGRESSIVE;
				CLANG_WARN_UNREACHABLE_CODE = YES;
				CLANG_WARN__DUPLICATE_METHOD_MATCH = YES;
				COPY_PHASE_STRIP = NO;
				DEBUG_INFORMATION_FORMAT = "dwarf-with-dsym";
				ENABLE_NS_ASSERTIONS = NO;
				ENABLE_STRICT_OBJC_MSGSEND = YES;
				GCC_C_LANGUAGE_STANDARD = gnu11;
				GCC_NO_COMMON_BLOCKS = YES;
				GCC_WARN_64_TO_32_BIT_CONVERSION = YES;
				GCC_WARN_ABOUT_RETURN_TYPE = YES_ERROR;
				GCC_WARN_UNDECLARED_SELECTOR = YES;
				GCC_WARN_UNINITIALIZED_AUTOS = YES_AGGRESSIVE;
				GCC_WARN_UNUSED_FUNCTION = YES;
				GCC_WARN_UNUSED_VARIABLE = YES;
				IPHONEOS_DEPLOYMENT_TARGET = 14.4;
				MTL_ENABLE_DEBUG_INFO = NO;
				MTL_FAST_MATH = YES;
				SDKROOT = iphoneos;
				SWIFT_COMPILATION_MODE = wholemodule;
				SWIFT_OPTIMIZATION_LEVEL = "-O";
				VALIDATE_PRODUCT = YES;
			};
			name = Release;
		};
		BBEE608C2627868B0049FE47 /* Debug */ = {
			isa = XCBuildConfiguration;
			buildSettings = {
				ASSETCATALOG_COMPILER_APPICON_NAME = AppIcon;
				ASSETCATALOG_COMPILER_GLOBAL_ACCENT_COLOR_NAME = AccentColor;
				CODE_SIGN_ENTITLEMENTS = Africa/Africa.entitlements;
				CODE_SIGN_STYLE = Automatic;
				DEVELOPMENT_ASSET_PATHS = "\"Africa/Preview Content\"";
				DEVELOPMENT_TEAM = 56EQ48SVZJ;
				ENABLE_PREVIEWS = YES;
				INFOPLIST_FILE = Africa/Info.plist;
				IPHONEOS_DEPLOYMENT_TARGET = 14.0;
				LD_RUNPATH_SEARCH_PATHS = (
					"$(inherited)",
					"@executable_path/Frameworks",
				);
				PRODUCT_BUNDLE_IDENTIFIER = br.eti.manoelfilho.africa.Africa;
				PRODUCT_NAME = "$(TARGET_NAME)";
				SUPPORTED_PLATFORMS = "iphoneos iphonesimulator";
				SUPPORTS_MACCATALYST = NO;
				SUPPORTS_MAC_DESIGNED_FOR_IPHONE_IPAD = NO;
				SWIFT_VERSION = 5.0;
				TARGETED_DEVICE_FAMILY = "1,2";
			};
			name = Debug;
		};
		BBEE608D2627868B0049FE47 /* Release */ = {
			isa = XCBuildConfiguration;
			buildSettings = {
				ASSETCATALOG_COMPILER_APPICON_NAME = AppIcon;
				ASSETCATALOG_COMPILER_GLOBAL_ACCENT_COLOR_NAME = AccentColor;
				CODE_SIGN_ENTITLEMENTS = Africa/Africa.entitlements;
				CODE_SIGN_STYLE = Automatic;
				DEVELOPMENT_ASSET_PATHS = "\"Africa/Preview Content\"";
				DEVELOPMENT_TEAM = 56EQ48SVZJ;
				ENABLE_PREVIEWS = YES;
				INFOPLIST_FILE = Africa/Info.plist;
				IPHONEOS_DEPLOYMENT_TARGET = 14.0;
				LD_RUNPATH_SEARCH_PATHS = (
					"$(inherited)",
					"@executable_path/Frameworks",
				);
				PRODUCT_BUNDLE_IDENTIFIER = br.eti.manoelfilho.africa.Africa;
				PRODUCT_NAME = "$(TARGET_NAME)";
				SUPPORTED_PLATFORMS = "iphoneos iphonesimulator";
				SUPPORTS_MACCATALYST = NO;
				SUPPORTS_MAC_DESIGNED_FOR_IPHONE_IPAD = NO;
				SWIFT_VERSION = 5.0;
				TARGETED_DEVICE_FAMILY = "1,2";
			};
			name = Release;
		};
/* End XCBuildConfiguration section */

/* Begin XCConfigurationList section */
		BBEE6077262786890049FE47 /* Build configuration list for PBXProject "Africa" */ = {
			isa = XCConfigurationList;
			buildConfigurations = (
				BBEE60892627868B0049FE47 /* Debug */,
				BBEE608A2627868B0049FE47 /* Release */,
			);
			defaultConfigurationIsVisible = 0;
			defaultConfigurationName = Release;
		};
		BBEE608B2627868B0049FE47 /* Build configuration list for PBXNativeTarget "Africa" */ = {
			isa = XCConfigurationList;
			buildConfigurations = (
				BBEE608C2627868B0049FE47 /* Debug */,
				BBEE608D2627868B0049FE47 /* Release */,
			);
			defaultConfigurationIsVisible = 0;
			defaultConfigurationName = Release;
		};
/* End XCConfigurationList section */
	};
	rootObject = BBEE6074262786890049FE47 /* Project object */;
}
